{
  "nodes": {
    "nixpkgs": {
      "locked": {
        "lastModified": 1746601323,
        "narHash": "sha256-iO7v5Zh+9kKWC5QhMJZlUg4LHs/e1w0FyEy+s/Vn/yc=",
        "rev": "1d3aeb5a193b9ff13f63f4d9cc169fb88129f860",
        "type": "tarball",
        "url": "https://releases.nixos.org/nixos/24.11/nixos-24.11.717738.1d3aeb5a193b/nixexprs.tar.xz?rev=1d3aeb5a193b9ff13f63f4d9cc169fb88129f860"
      },
      "original": {
        "type": "tarball",
        "url": "https://channels.nixos.org/nixos-24.11/nixexprs.tar.xz"
      }
    },
    "nixpkgs-unstable": {
      "locked": {
        "lastModified": 315532800,
        "narHash": "sha256-kgy4FnRFGj62QO3kI6a6glFl8XUtKMylWGybnVCvycM=",
        "rev": "b3582c75c7f21ce0b429898980eddbbf05c68e55",
        "type": "tarball",
        "url": "https://releases.nixos.org/nixpkgs/nixpkgs-25.05pre796313.b3582c75c7f2/nixexprs.tar.xz?rev=b3582c75c7f21ce0b429898980eddbbf05c68e55"
      },
      "original": {
        "type": "tarball",
        "url": "https://channels.nixos.org/nixpkgs-unstable/nixexprs.tar.xz"
      }
    },
    "root": {
      "inputs": {
        "nixpkgs": "nixpkgs",
        "nixpkgs-unstable": "nixpkgs-unstable",
        "sops-nix": "sops-nix"
      }
    },
    "sops-nix": {
      "inputs": {
        "nixpkgs": [
          "nixpkgs-unstable"
        ]
      },
      "locked": {
        "lastModified": 1744103455,
        "narHash": "sha256-SR6+qjkPjGQG+8eM4dCcVtss8r9bre/LAxFMPJpaZeU=",
        "owner": "Mic92",
        "repo": "sops-nix",
        "rev": "69d5a5a4635c27dae5a742f36108beccc506c1ba",
        "type": "github"
      },
      "original": {
        "owner": "Mic92",
        "repo": "sops-nix",
        "type": "github"
      }
    }
  },
  "root": "root",
  "version": 7
}
